// !$*UTF8*$!
{
	archiveVersion = 1;
	classes = {
	};
	objectVersion = 50;
	objects = {

/* Begin PBXBuildFile section */
		53B5BA5A22D6978C0001040C /* PhotoSelectorViewController.swift in Sources */ = {isa = PBXBuildFile; fileRef = 53B5BA5922D6978C0001040C /* PhotoSelectorViewController.swift */; };
		53B5BA5E22D795C90001040C /* Conment.swift in Sources */ = {isa = PBXBuildFile; fileRef = 53B5BA5D22D795C90001040C /* Conment.swift */; };
		53B5BA6022D7ACF70001040C /* ViewControllerExtension.swift in Sources */ = {isa = PBXBuildFile; fileRef = 53B5BA5F22D7ACF70001040C /* ViewControllerExtension.swift */; };
		53B5BA6422D7B7160001040C /* CloudKit.framework in Frameworks */ = {isa = PBXBuildFile; fileRef = 53B5BA6322D7B7160001040C /* CloudKit.framework */; };
		53D0C4EB22D51F1700D42E5A /* AppDelegate.swift in Sources */ = {isa = PBXBuildFile; fileRef = 53D0C4EA22D51F1700D42E5A /* AppDelegate.swift */; };
		53D0C4F022D51F1700D42E5A /* Main.storyboard in Resources */ = {isa = PBXBuildFile; fileRef = 53D0C4EE22D51F1700D42E5A /* Main.storyboard */; };
		53D0C4F222D51F1800D42E5A /* Assets.xcassets in Resources */ = {isa = PBXBuildFile; fileRef = 53D0C4F122D51F1800D42E5A /* Assets.xcassets */; };
		53D0C4F522D51F1800D42E5A /* LaunchScreen.storyboard in Resources */ = {isa = PBXBuildFile; fileRef = 53D0C4F322D51F1800D42E5A /* LaunchScreen.storyboard */; };
		53D0C50122D5327C00D42E5A /* PostListTableViewController.swift in Sources */ = {isa = PBXBuildFile; fileRef = 53D0C50022D5327C00D42E5A /* PostListTableViewController.swift */; };
		53D0C50322D532D400D42E5A /* PostDetailTableViewController.swift in Sources */ = {isa = PBXBuildFile; fileRef = 53D0C50222D532D400D42E5A /* PostDetailTableViewController.swift */; };
		53D0C50522D5336000D42E5A /* AddPostTableViewController.swift in Sources */ = {isa = PBXBuildFile; fileRef = 53D0C50422D5336000D42E5A /* AddPostTableViewController.swift */; };
		53D0C50722D533DC00D42E5A /* Post.swift in Sources */ = {isa = PBXBuildFile; fileRef = 53D0C50622D533DC00D42E5A /* Post.swift */; };
		53D0C50922D537F900D42E5A /* PostController.swift in Sources */ = {isa = PBXBuildFile; fileRef = 53D0C50822D537F900D42E5A /* PostController.swift */; };
		53D0C50B22D53ED400D42E5A /* PostTableViewCell.swift in Sources */ = {isa = PBXBuildFile; fileRef = 53D0C50A22D53ED400D42E5A /* PostTableViewCell.swift */; };
		53D0C50E22D5512900D42E5A /* DateFormatter.swift in Sources */ = {isa = PBXBuildFile; fileRef = 53D0C50D22D5512900D42E5A /* DateFormatter.swift */; };
		53D0C51022D596DA00D42E5A /* SearchableRecord.swift in Sources */ = {isa = PBXBuildFile; fileRef = 53D0C50F22D596DA00D42E5A /* SearchableRecord.swift */; };
		53D0C51822D5A29100D42E5A /* Sweet Hipster.ttf in Resources */ = {isa = PBXBuildFile; fileRef = 53D0C51722D5A29100D42E5A /* Sweet Hipster.ttf */; };
/* End PBXBuildFile section */

/* Begin PBXFileReference section */
		53B5BA5922D6978C0001040C /* PhotoSelectorViewController.swift */ = {isa = PBXFileReference; lastKnownFileType = sourcecode.swift; path = PhotoSelectorViewController.swift; sourceTree = "<group>"; };
		53B5BA5D22D795C90001040C /* Conment.swift */ = {isa = PBXFileReference; lastKnownFileType = sourcecode.swift; path = Conment.swift; sourceTree = "<group>"; };
		53B5BA5F22D7ACF70001040C /* ViewControllerExtension.swift */ = {isa = PBXFileReference; lastKnownFileType = sourcecode.swift; path = ViewControllerExtension.swift; sourceTree = "<group>"; };
		53B5BA6122D7B7120001040C /* Continuum.entitlements */ = {isa = PBXFileReference; lastKnownFileType = text.plist.entitlements; path = Continuum.entitlements; sourceTree = "<group>"; };
		53B5BA6322D7B7160001040C /* CloudKit.framework */ = {isa = PBXFileReference; lastKnownFileType = wrapper.framework; name = CloudKit.framework; path = System/Library/Frameworks/CloudKit.framework; sourceTree = SDKROOT; };
		53D0C4E722D51F1700D42E5A /* Continuum.app */ = {isa = PBXFileReference; explicitFileType = wrapper.application; includeInIndex = 0; path = Continuum.app; sourceTree = BUILT_PRODUCTS_DIR; };
		53D0C4EA22D51F1700D42E5A /* AppDelegate.swift */ = {isa = PBXFileReference; lastKnownFileType = sourcecode.swift; path = AppDelegate.swift; sourceTree = "<group>"; };
		53D0C4EF22D51F1700D42E5A /* Base */ = {isa = PBXFileReference; lastKnownFileType = file.storyboard; name = Base; path = Base.lproj/Main.storyboard; sourceTree = "<group>"; };
		53D0C4F122D51F1800D42E5A /* Assets.xcassets */ = {isa = PBXFileReference; lastKnownFileType = folder.assetcatalog; path = Assets.xcassets; sourceTree = "<group>"; };
		53D0C4F422D51F1800D42E5A /* Base */ = {isa = PBXFileReference; lastKnownFileType = file.storyboard; name = Base; path = Base.lproj/LaunchScreen.storyboard; sourceTree = "<group>"; };
		53D0C4F622D51F1800D42E5A /* Info.plist */ = {isa = PBXFileReference; lastKnownFileType = text.plist.xml; path = Info.plist; sourceTree = "<group>"; };
		53D0C50022D5327C00D42E5A /* PostListTableViewController.swift */ = {isa = PBXFileReference; lastKnownFileType = sourcecode.swift; path = PostListTableViewController.swift; sourceTree = "<group>"; };
		53D0C50222D532D400D42E5A /* PostDetailTableViewController.swift */ = {isa = PBXFileReference; lastKnownFileType = sourcecode.swift; path = PostDetailTableViewController.swift; sourceTree = "<group>"; };
		53D0C50422D5336000D42E5A /* AddPostTableViewController.swift */ = {isa = PBXFileReference; lastKnownFileType = sourcecode.swift; path = AddPostTableViewController.swift; sourceTree = "<group>"; };
		53D0C50622D533DC00D42E5A /* Post.swift */ = {isa = PBXFileReference; lastKnownFileType = sourcecode.swift; path = Post.swift; sourceTree = "<group>"; };
		53D0C50822D537F900D42E5A /* PostController.swift */ = {isa = PBXFileReference; lastKnownFileType = sourcecode.swift; path = PostController.swift; sourceTree = "<group>"; };
		53D0C50A22D53ED400D42E5A /* PostTableViewCell.swift */ = {isa = PBXFileReference; lastKnownFileType = sourcecode.swift; path = PostTableViewCell.swift; sourceTree = "<group>"; };
		53D0C50D22D5512900D42E5A /* DateFormatter.swift */ = {isa = PBXFileReference; lastKnownFileType = sourcecode.swift; path = DateFormatter.swift; sourceTree = "<group>"; };
		53D0C50F22D596DA00D42E5A /* SearchableRecord.swift */ = {isa = PBXFileReference; lastKnownFileType = sourcecode.swift; path = SearchableRecord.swift; sourceTree = "<group>"; };
		53D0C51722D5A29100D42E5A /* Sweet Hipster.ttf */ = {isa = PBXFileReference; lastKnownFileType = file; path = "Sweet Hipster.ttf"; sourceTree = "<group>"; };
/* End PBXFileReference section */

/* Begin PBXFrameworksBuildPhase section */
		53D0C4E422D51F1700D42E5A /* Frameworks */ = {
			isa = PBXFrameworksBuildPhase;
			buildActionMask = 2147483647;
			files = (
				53B5BA6422D7B7160001040C /* CloudKit.framework in Frameworks */,
			);
			runOnlyForDeploymentPostprocessing = 0;
		};
/* End PBXFrameworksBuildPhase section */

/* Begin PBXGroup section */
		53B5BA6222D7B7160001040C /* Frameworks */ = {
			isa = PBXGroup;
			children = (
				53B5BA6322D7B7160001040C /* CloudKit.framework */,
			);
			name = Frameworks;
			sourceTree = "<group>";
		};
		53D0C4DE22D51F1700D42E5A = {
			isa = PBXGroup;
			children = (
				53D0C4E922D51F1700D42E5A /* Continuum */,
				53D0C4E822D51F1700D42E5A /* Products */,
				53B5BA6222D7B7160001040C /* Frameworks */,
			);
			sourceTree = "<group>";
		};
		53D0C4E822D51F1700D42E5A /* Products */ = {
			isa = PBXGroup;
			children = (
				53D0C4E722D51F1700D42E5A /* Continuum.app */,
			);
			name = Products;
			sourceTree = "<group>";
		};
		53D0C4E922D51F1700D42E5A /* Continuum */ = {
			isa = PBXGroup;
			children = (
				53B5BA6122D7B7120001040C /* Continuum.entitlements */,
				53D0C4EE22D51F1700D42E5A /* Main.storyboard */,
				53D0C4FF22D5325400D42E5A /* Model */,
				53D0C4FE22D5324000D42E5A /* Model Controllers */,
				53D0C4FD22D5323100D42E5A /* View Controllers */,
				53D0C50C22D550DD00D42E5A /* Helpers+Extensions */,
				53D0C4FC22D51F2500D42E5A /* Resources */,
			);
			path = Continuum;
			sourceTree = "<group>";
		};
		53D0C4FC22D51F2500D42E5A /* Resources */ = {
			isa = PBXGroup;
			children = (
				53D0C51122D59BD100D42E5A /* Fonts */,
				53D0C4EA22D51F1700D42E5A /* AppDelegate.swift */,
				53D0C4F122D51F1800D42E5A /* Assets.xcassets */,
				53D0C4F322D51F1800D42E5A /* LaunchScreen.storyboard */,
				53D0C4F622D51F1800D42E5A /* Info.plist */,
			);
			path = Resources;
			sourceTree = "<group>";
		};
		53D0C4FD22D5323100D42E5A /* View Controllers */ = {
			isa = PBXGroup;
			children = (
				53D0C50022D5327C00D42E5A /* PostListTableViewController.swift */,
				53D0C50222D532D400D42E5A /* PostDetailTableViewController.swift */,
				53D0C50422D5336000D42E5A /* AddPostTableViewController.swift */,
				53B5BA5922D6978C0001040C /* PhotoSelectorViewController.swift */,
				53D0C50A22D53ED400D42E5A /* PostTableViewCell.swift */,
			);
			path = "View Controllers";
			sourceTree = "<group>";
		};
		53D0C4FE22D5324000D42E5A /* Model Controllers */ = {
			isa = PBXGroup;
			children = (
				53D0C50822D537F900D42E5A /* PostController.swift */,
			);
			path = "Model Controllers";
			sourceTree = "<group>";
		};
		53D0C4FF22D5325400D42E5A /* Model */ = {
			isa = PBXGroup;
			children = (
				53D0C50622D533DC00D42E5A /* Post.swift */,
				53B5BA5D22D795C90001040C /* Conment.swift */,
			);
			path = Model;
			sourceTree = "<group>";
		};
		53D0C50C22D550DD00D42E5A /* Helpers+Extensions */ = {
			isa = PBXGroup;
			children = (
				53D0C50D22D5512900D42E5A /* DateFormatter.swift */,
				53B5BA5F22D7ACF70001040C /* ViewControllerExtension.swift */,
				53D0C50F22D596DA00D42E5A /* SearchableRecord.swift */,
			);
			path = "Helpers+Extensions";
			sourceTree = "<group>";
		};
		53D0C51122D59BD100D42E5A /* Fonts */ = {
			isa = PBXGroup;
			children = (
				53D0C51722D5A29100D42E5A /* Sweet Hipster.ttf */,
			);
			path = Fonts;
			sourceTree = "<group>";
		};
/* End PBXGroup section */

/* Begin PBXNativeTarget section */
		53D0C4E622D51F1700D42E5A /* Continuum */ = {
			isa = PBXNativeTarget;
			buildConfigurationList = 53D0C4F922D51F1800D42E5A /* Build configuration list for PBXNativeTarget "Continuum" */;
			buildPhases = (
				53D0C4E322D51F1700D42E5A /* Sources */,
				53D0C4E422D51F1700D42E5A /* Frameworks */,
				53D0C4E522D51F1700D42E5A /* Resources */,
			);
			buildRules = (
			);
			dependencies = (
			);
			name = Continuum;
			productName = Continuum;
			productReference = 53D0C4E722D51F1700D42E5A /* Continuum.app */;
			productType = "com.apple.product-type.application";
		};
/* End PBXNativeTarget section */

/* Begin PBXProject section */
		53D0C4DF22D51F1700D42E5A /* Project object */ = {
			isa = PBXProject;
			attributes = {
				LastSwiftUpdateCheck = 1020;
				LastUpgradeCheck = 1020;
				ORGANIZATIONNAME = "Madi S";
				TargetAttributes = {
					53D0C4E622D51F1700D42E5A = {
						CreatedOnToolsVersion = 10.2.1;
						SystemCapabilities = {
							com.apple.BackgroundModes = {
								enabled = 1;
							};
							com.apple.Push = {
								enabled = 1;
							};
							com.apple.iCloud = {
								enabled = 1;
							};
						};
					};
				};
			};
			buildConfigurationList = 53D0C4E222D51F1700D42E5A /* Build configuration list for PBXProject "Continuum" */;
			compatibilityVersion = "Xcode 9.3";
			developmentRegion = en;
			hasScannedForEncodings = 0;
			knownRegions = (
				en,
				Base,
			);
			mainGroup = 53D0C4DE22D51F1700D42E5A;
			productRefGroup = 53D0C4E822D51F1700D42E5A /* Products */;
			projectDirPath = "";
			projectRoot = "";
			targets = (
				53D0C4E622D51F1700D42E5A /* Continuum */,
			);
		};
/* End PBXProject section */

/* Begin PBXResourcesBuildPhase section */
		53D0C4E522D51F1700D42E5A /* Resources */ = {
			isa = PBXResourcesBuildPhase;
			buildActionMask = 2147483647;
			files = (
				53D0C51822D5A29100D42E5A /* Sweet Hipster.ttf in Resources */,
				53D0C4F522D51F1800D42E5A /* LaunchScreen.storyboard in Resources */,
				53D0C4F222D51F1800D42E5A /* Assets.xcassets in Resources */,
				53D0C4F022D51F1700D42E5A /* Main.storyboard in Resources */,
			);
			runOnlyForDeploymentPostprocessing = 0;
		};
/* End PBXResourcesBuildPhase section */

/* Begin PBXSourcesBuildPhase section */
		53D0C4E322D51F1700D42E5A /* Sources */ = {
			isa = PBXSourcesBuildPhase;
			buildActionMask = 2147483647;
			files = (
				53D0C50E22D5512900D42E5A /* DateFormatter.swift in Sources */,
				53D0C50B22D53ED400D42E5A /* PostTableViewCell.swift in Sources */,
				53D0C51022D596DA00D42E5A /* SearchableRecord.swift in Sources */,
				53D0C4EB22D51F1700D42E5A /* AppDelegate.swift in Sources */,
				53B5BA5E22D795C90001040C /* Conment.swift in Sources */,
				53D0C50122D5327C00D42E5A /* PostListTableViewController.swift in Sources */,
				53B5BA6022D7ACF70001040C /* ViewControllerExtension.swift in Sources */,
				53D0C50522D5336000D42E5A /* AddPostTableViewController.swift in Sources */,
				53B5BA5A22D6978C0001040C /* PhotoSelectorViewController.swift in Sources */,
				53D0C50322D532D400D42E5A /* PostDetailTableViewController.swift in Sources */,
				53D0C50722D533DC00D42E5A /* Post.swift in Sources */,
				53D0C50922D537F900D42E5A /* PostController.swift in Sources */,
			);
			runOnlyForDeploymentPostprocessing = 0;
		};
/* End PBXSourcesBuildPhase section */

/* Begin PBXVariantGroup section */
		53D0C4EE22D51F1700D42E5A /* Main.storyboard */ = {
			isa = PBXVariantGroup;
			children = (
				53D0C4EF22D51F1700D42E5A /* Base */,
			);
			name = Main.storyboard;
			sourceTree = "<group>";
		};
		53D0C4F322D51F1800D42E5A /* LaunchScreen.storyboard */ = {
			isa = PBXVariantGroup;
			children = (
				53D0C4F422D51F1800D42E5A /* Base */,
			);
			name = LaunchScreen.storyboard;
			sourceTree = "<group>";
		};
/* End PBXVariantGroup section */

/* Begin XCBuildConfiguration section */
		53D0C4F722D51F1800D42E5A /* Debug */ = {
			isa = XCBuildConfiguration;
			buildSettings = {
				ALWAYS_SEARCH_USER_PATHS = NO;
				CLANG_ANALYZER_NONNULL = YES;
				CLANG_ANALYZER_NUMBER_OBJECT_CONVERSION = YES_AGGRESSIVE;
				CLANG_CXX_LANGUAGE_STANDARD = "gnu++14";
				CLANG_CXX_LIBRARY = "libc++";
				CLANG_ENABLE_MODULES = YES;
				CLANG_ENABLE_OBJC_ARC = YES;
				CLANG_ENABLE_OBJC_WEAK = YES;
				CLANG_WARN_BLOCK_CAPTURE_AUTORELEASING = YES;
				CLANG_WARN_BOOL_CONVERSION = YES;
				CLANG_WARN_COMMA = YES;
				CLANG_WARN_CONSTANT_CONVERSION = YES;
				CLANG_WARN_DEPRECATED_OBJC_IMPLEMENTATIONS = YES;
				CLANG_WARN_DIRECT_OBJC_ISA_USAGE = YES_ERROR;
				CLANG_WARN_DOCUMENTATION_COMMENTS = YES;
				CLANG_WARN_EMPTY_BODY = YES;
				CLANG_WARN_ENUM_CONVERSION = YES;
				CLANG_WARN_INFINITE_RECURSION = YES;
				CLANG_WARN_INT_CONVERSION = YES;
				CLANG_WARN_NON_LITERAL_NULL_CONVERSION = YES;
				CLANG_WARN_OBJC_IMPLICIT_RETAIN_SELF = YES;
				CLANG_WARN_OBJC_LITERAL_CONVERSION = YES;
				CLANG_WARN_OBJC_ROOT_CLASS = YES_ERROR;
				CLANG_WARN_RANGE_LOOP_ANALYSIS = YES;
				CLANG_WARN_STRICT_PROTOTYPES = YES;
				CLANG_WARN_SUSPICIOUS_MOVE = YES;
				CLANG_WARN_UNGUARDED_AVAILABILITY = YES_AGGRESSIVE;
				CLANG_WARN_UNREACHABLE_CODE = YES;
				CLANG_WARN__DUPLICATE_METHOD_MATCH = YES;
				CODE_SIGN_IDENTITY = "iPhone Developer";
				COPY_PHASE_STRIP = NO;
				DEBUG_INFORMATION_FORMAT = dwarf;
				ENABLE_STRICT_OBJC_MSGSEND = YES;
				ENABLE_TESTABILITY = YES;
				GCC_C_LANGUAGE_STANDARD = gnu11;
				GCC_DYNAMIC_NO_PIC = NO;
				GCC_NO_COMMON_BLOCKS = YES;
				GCC_OPTIMIZATION_LEVEL = 0;
				GCC_PREPROCESSOR_DEFINITIONS = (
					"DEBUG=1",
					"$(inherited)",
				);
				GCC_WARN_64_TO_32_BIT_CONVERSION = YES;
				GCC_WARN_ABOUT_RETURN_TYPE = YES_ERROR;
				GCC_WARN_UNDECLARED_SELECTOR = YES;
				GCC_WARN_UNINITIALIZED_AUTOS = YES_AGGRESSIVE;
				GCC_WARN_UNUSED_FUNCTION = YES;
				GCC_WARN_UNUSED_VARIABLE = YES;
				IPHONEOS_DEPLOYMENT_TARGET = 12.2;
				MTL_ENABLE_DEBUG_INFO = INCLUDE_SOURCE;
				MTL_FAST_MATH = YES;
				ONLY_ACTIVE_ARCH = YES;
				SDKROOT = iphoneos;
				SWIFT_ACTIVE_COMPILATION_CONDITIONS = DEBUG;
				SWIFT_OPTIMIZATION_LEVEL = "-Onone";
			};
			name = Debug;
		};
		53D0C4F822D51F1800D42E5A /* Release */ = {
			isa = XCBuildConfiguration;
			buildSettings = {
				ALWAYS_SEARCH_USER_PATHS = NO;
				CLANG_ANALYZER_NONNULL = YES;
				CLANG_ANALYZER_NUMBER_OBJECT_CONVERSION = YES_AGGRESSIVE;
				CLANG_CXX_LANGUAGE_STANDARD = "gnu++14";
				CLANG_CXX_LIBRARY = "libc++";
				CLANG_ENABLE_MODULES = YES;
				CLANG_ENABLE_OBJC_ARC = YES;
				CLANG_ENABLE_OBJC_WEAK = YES;
				CLANG_WARN_BLOCK_CAPTURE_AUTORELEASING = YES;
				CLANG_WARN_BOOL_CONVERSION = YES;
				CLANG_WARN_COMMA = YES;
				CLANG_WARN_CONSTANT_CONVERSION = YES;
				CLANG_WARN_DEPRECATED_OBJC_IMPLEMENTATIONS = YES;
				CLANG_WARN_DIRECT_OBJC_ISA_USAGE = YES_ERROR;
				CLANG_WARN_DOCUMENTATION_COMMENTS = YES;
				CLANG_WARN_EMPTY_BODY = YES;
				CLANG_WARN_ENUM_CONVERSION = YES;
				CLANG_WARN_INFINITE_RECURSION = YES;
				CLANG_WARN_INT_CONVERSION = YES;
				CLANG_WARN_NON_LITERAL_NULL_CONVERSION = YES;
				CLANG_WARN_OBJC_IMPLICIT_RETAIN_SELF = YES;
				CLANG_WARN_OBJC_LITERAL_CONVERSION = YES;
				CLANG_WARN_OBJC_ROOT_CLASS = YES_ERROR;
				CLANG_WARN_RANGE_LOOP_ANALYSIS = YES;
				CLANG_WARN_STRICT_PROTOTYPES = YES;
				CLANG_WARN_SUSPICIOUS_MOVE = YES;
				CLANG_WARN_UNGUARDED_AVAILABILITY = YES_AGGRESSIVE;
				CLANG_WARN_UNREACHABLE_CODE = YES;
				CLANG_WARN__DUPLICATE_METHOD_MATCH = YES;
				CODE_SIGN_IDENTITY = "iPhone Developer";
				COPY_PHASE_STRIP = NO;
				DEBUG_INFORMATION_FORMAT = "dwarf-with-dsym";
				ENABLE_NS_ASSERTIONS = NO;
				ENABLE_STRICT_OBJC_MSGSEND = YES;
				GCC_C_LANGUAGE_STANDARD = gnu11;
				GCC_NO_COMMON_BLOCKS = YES;
				GCC_WARN_64_TO_32_BIT_CONVERSION = YES;
				GCC_WARN_ABOUT_RETURN_TYPE = YES_ERROR;
				GCC_WARN_UNDECLARED_SELECTOR = YES;
				GCC_WARN_UNINITIALIZED_AUTOS = YES_AGGRESSIVE;
				GCC_WARN_UNUSED_FUNCTION = YES;
				GCC_WARN_UNUSED_VARIABLE = YES;
				IPHONEOS_DEPLOYMENT_TARGET = 12.2;
				MTL_ENABLE_DEBUG_INFO = NO;
				MTL_FAST_MATH = YES;
				SDKROOT = iphoneos;
				SWIFT_COMPILATION_MODE = wholemodule;
				SWIFT_OPTIMIZATION_LEVEL = "-O";
				VALIDATE_PRODUCT = YES;
			};
			name = Release;
		};
		53D0C4FA22D51F1800D42E5A /* Debug */ = {
			isa = XCBuildConfiguration;
			buildSettings = {
				ASSETCATALOG_COMPILER_APPICON_NAME = AppIcon;
				CODE_SIGN_ENTITLEMENTS = Continuum/Continuum.entitlements;
				CODE_SIGN_STYLE = Automatic;
				DEVELOPMENT_TEAM = 8MJ3MC3A9A;
				INFOPLIST_FILE = "$(SRCROOT)/Continuum/Resources/Info.plist";
				LD_RUNPATH_SEARCH_PATHS = (
					"$(inherited)",
					"@executable_path/Frameworks",
				);
				PRODUCT_BUNDLE_IDENTIFIER = "Madi-S.Continuum";
				PRODUCT_NAME = "$(TARGET_NAME)";
				SWIFT_VERSION = 5.0;
				TARGETED_DEVICE_FAMILY = "1,2";
			};
			name = Debug;
		};
		53D0C4FB22D51F1800D42E5A /* Release */ = {
			isa = XCBuildConfiguration;
			buildSettings = {
				ASSETCATALOG_COMPILER_APPICON_NAME = AppIcon;
				CODE_SIGN_ENTITLEMENTS = Continuum/Continuum.entitlements;
				CODE_SIGN_STYLE = Automatic;
				DEVELOPMENT_TEAM = 8MJ3MC3A9A;
				INFOPLIST_FILE = "$(SRCROOT)/Continuum/Resources/Info.plist";
				LD_RUNPATH_SEARCH_PATHS = (
					"$(inherited)",
					"@executable_path/Frameworks",
				);
				PRODUCT_BUNDLE_IDENTIFIER = "Madi-S.Continuum";
				PRODUCT_NAME = "$(TARGET_NAME)";
				SWIFT_VERSION = 5.0;
				TARGETED_DEVICE_FAMILY = "1,2";
			};
			name = Release;
		};
/* End XCBuildConfiguration section */

/* Begin XCConfigurationList section */
		53D0C4E222D51F1700D42E5A /* Build configuration list for PBXProject "Continuum" */ = {
			isa = XCConfigurationList;
			buildConfigurations = (
				53D0C4F722D51F1800D42E5A /* Debug */,
				53D0C4F822D51F1800D42E5A /* Release */,
			);
			defaultConfigurationIsVisible = 0;
			defaultConfigurationName = Release;
		};
		53D0C4F922D51F1800D42E5A /* Build configuration list for PBXNativeTarget "Continuum" */ = {
			isa = XCConfigurationList;
			buildConfigurations = (
				53D0C4FA22D51F1800D42E5A /* Debug */,
				53D0C4FB22D51F1800D42E5A /* Release */,
			);
			defaultConfigurationIsVisible = 0;
			defaultConfigurationName = Release;
		};
/* End XCConfigurationList section */
	};
	rootObject = 53D0C4DF22D51F1700D42E5A /* Project object */;
}
